
Microsoft Visual Studio Solution File, Format Version 12.00
# Visual Studio 2013
VisualStudioVersion = 12.0.30501.0
MinimumVisualStudioVersion = 10.0.40219.1
Project("{FAE04EC0-301F-11D3-BF4B-00C04F79EFBC}") = "ParkSavers", "ParkSavers\ParkSavers.csproj", "{9568329F-C1C4-4E3D-BF3D-99983AE18E23}"
EndProject
Project("{FAE04EC0-301F-11D3-BF4B-00C04F79EFBC}") = "ParkSavers.Tests", "ParkSavers.Tests\ParkSavers.Tests.csproj", "{642138EE-9003-474C-9947-782B3F641430}"
EndProject
Global
	GlobalSection(SolutionConfigurationPlatforms) = preSolution
		Debug|Any CPU = Debug|Any CPU
		Release|Any CPU = Release|Any CPU
	EndGlobalSection
	GlobalSection(ProjectConfigurationPlatforms) = postSolution
		{9568329F-C1C4-4E3D-BF3D-99983AE18E23}.Debug|Any CPU.ActiveCfg = Debug|Any CPU
		{9568329F-C1C4-4E3D-BF3D-99983AE18E23}.Debug|Any CPU.Build.0 = Debug|Any CPU
		{9568329F-C1C4-4E3D-BF3D-99983AE18E23}.Release|Any CPU.ActiveCfg = Release|Any CPU
		{9568329F-C1C4-4E3D-BF3D-99983AE18E23}.Release|Any CPU.Build.0 = Release|Any CPU
		{642138EE-9003-474C-9947-782B3F641430}.Debug|Any CPU.ActiveCfg = Debug|Any CPU
		{642138EE-9003-474C-9947-782B3F641430}.Debug|Any CPU.Build.0 = Debug|Any CPU
		{642138EE-9003-474C-9947-782B3F641430}.Release|Any CPU.ActiveCfg = Release|Any CPU
		{642138EE-9003-474C-9947-782B3F641430}.Release|Any CPU.Build.0 = Release|Any CPU
	EndGlobalSection
	GlobalSection(SolutionProperties) = preSolution
		HideSolutionNode = FALSE
	EndGlobalSection
EndGlobal
